<?xml version="1.0" encoding="utf-8"?>
<Project ToolsVersion="4.0" xmlns="http://schemas.microsoft.com/developer/msbuild/2003">
  <ItemGroup>
    <Filter Include="Исходные файлы">
      <UniqueIdentifier>{4FC737F1-C7A5-4376-A066-2A32D752A2FF}</UniqueIdentifier>
      <Extensions>cpp;c;cc;cxx;c++;cppm;ixx;def;odl;idl;hpj;bat;asm;asmx</Extensions>
    </Filter>
    <Filter Include="Файлы заголовков">
      <UniqueIdentifier>{93995380-89BD-4b04-88EB-625FBE52EBFB}</UniqueIdentifier>
      <Extensions>h;hh;hpp;hxx;h++;hm;inl;inc;ipp;xsd</Extensions>
    </Filter>
    <Filter Include="Файлы ресурсов">
      <UniqueIdentifier>{67DA6AB6-F800-4c08-8B7A-83BB121AAD01}</UniqueIdentifier>
      <Extensions>rc;ico;cur;bmp;dlg;rc2;rct;bin;rgs;gif;jpg;jpeg;jpe;resx;tiff;tif;png;wav;mfcribbon-ms</Extensions>
    </Filter>
    <Filter Include="Файлы ресурсов\DirectoryTreeView_Config">
      <UniqueIdentifier>{31d268ba-731f-4d39-bb4e-776e549f8e9b}</UniqueIdentifier>
    </Filter>
    <Filter Include="Файлы ресурсов\ContentListView_Actions">
      <UniqueIdentifier>{ae7e5adf-22f9-4557-a8fa-d2be24d09f8d}</UniqueIdentifier>
    </Filter>
  </ItemGroup>
  <ItemGroup>
    <ClCompile Include="ExplorerForm.cpp">
      <Filter>Файлы ресурсов</Filter>
    </ClCompile>
    <ClCompile Include="PropertyForm.cpp">
      <Filter>Файлы ресурсов</Filter>
    </ClCompile>
    <ClCompile Include="TreeViewInit.cpp">
      <Filter>Файлы ресурсов\DirectoryTreeView_Config</Filter>
    </ClCompile>
    <ClCompile Include="DragDrop.cpp">
      <Filter>Файлы ресурсов\ContentListView_Actions</Filter>
    </ClCompile>
    <ClCompile Include="MoveCopy.cpp">
      <Filter>Файлы ресурсов\ContentListView_Actions</Filter>
    </ClCompile>
    <ClCompile Include="OpenFolderFile.cpp">
      <Filter>Файлы ресурсов\ContentListView_Actions</Filter>
    </ClCompile>
    <ClCompile Include="PropertyFolderFile.cpp">
      <Filter>Файлы ресурсов\ContentListView_Actions</Filter>
    </ClCompile>
    <ClCompile Include="ContentListView.cpp">
      <Filter>Файлы ресурсов\ContentListView_Actions</Filter>
    </ClCompile>
    <ClCompile Include="AfterSelect.cpp">
      <Filter>Файлы ресурсов\DirectoryTreeView_Config</Filter>
    </ClCompile>
    <ClCompile Include="DeleteFolderFile.cpp">
      <Filter>Файлы ресурсов\ContentListView_Actions</Filter>
    </ClCompile>
    <ClCompile Include="BeforeExpand.cpp">
      <Filter>Файлы ресурсов\DirectoryTreeView_Config</Filter>
    </ClCompile>
    <ClCompile Include="CreationFolderFile.cpp">
      <Filter>Файлы ресурсов\ContentListView_Actions</Filter>
    </ClCompile>
    <ClCompile Include="RenameFolderFile.cpp">
      <Filter>Файлы ресурсов\ContentListView_Actions</Filter>
    </ClCompile>
    <ClCompile Include="ChangeView.cpp">
      <Filter>Файлы ресурсов\ContentListView_Actions</Filter>
    </ClCompile>
    <ClCompile Include="BackButton.cpp">
      <Filter>Файлы ресурсов\ContentListView_Actions</Filter>
    </ClCompile>
  </ItemGroup>
  <ItemGroup>
    <ClInclude Include="ExplorerForm.h">
      <Filter>Файлы ресурсов</Filter>
    </ClInclude>
    <ClInclude Include="PropertyForm.h">
      <Filter>Файлы ресурсов</Filter>
    </ClInclude>
  </ItemGroup>
  <ItemGroup>
    <None Include="cpp.hint" />
  </ItemGroup>
</Project>